<Solution>
  <Project Path="CampusTouch.API/CampusTouch.API.csproj" />
  <Project Path="CampusTouch.Application/CampusTouch.Application.csproj" />
  <Project Path="CampusTouch.Domain/CampusTouch.Domain.csproj" />
  <Project Path="CampusTouch.Infrastructure/CampusTouch.Infrastructure.csproj" />
</Solution>
